
Microsoft Visual Studio Solution File, Format Version 12.00
# Visual Studio Version 16
VisualStudioVersion = 16.0.30611.23
MinimumVisualStudioVersion = 10.0.40219.1
Project("{FAE04EC0-301F-11D3-BF4B-00C04F79EFBC}") = "HR_CMS.WebAPI", "HR_CMS.WebAPI\HR_CMS.WebAPI.csproj", "{B1FC924C-CC05-4138-BC01-AEB651ED2A3B}"
EndProject
Project("{FAE04EC0-301F-11D3-BF4B-00C04F79EFBC}") = "HR_CMS.Data", "HR_CMS.Data\HR_CMS.Data.csproj", "{AAB058F5-5A84-450B-BF0E-E0AF9264C934}"
EndProject
Project("{FAE04EC0-301F-11D3-BF4B-00C04F79EFBC}") = "HR_CMS.Models", "HR_CMS.Models\HR_CMS.Models.csproj", "{94B3306B-78A7-43A0-B96A-921CB6FEE089}"
EndProject
Project("{FAE04EC0-301F-11D3-BF4B-00C04F79EFBC}") = "HR_CMS.Services", "HR_CMS.Services\HR_CMS.Services.csproj", "{FD0BD347-B4CC-49D2-A709-6C50E6DC91DF}"
EndProject
Global
	GlobalSection(SolutionConfigurationPlatforms) = preSolution
		Debug|Any CPU = Debug|Any CPU
		Release|Any CPU = Release|Any CPU
	EndGlobalSection
	GlobalSection(ProjectConfigurationPlatforms) = postSolution
		{B1FC924C-CC05-4138-BC01-AEB651ED2A3B}.Debug|Any CPU.ActiveCfg = Debug|Any CPU
		{B1FC924C-CC05-4138-BC01-AEB651ED2A3B}.Debug|Any CPU.Build.0 = Debug|Any CPU
		{B1FC924C-CC05-4138-BC01-AEB651ED2A3B}.Release|Any CPU.ActiveCfg = Release|Any CPU
		{B1FC924C-CC05-4138-BC01-AEB651ED2A3B}.Release|Any CPU.Build.0 = Release|Any CPU
		{AAB058F5-5A84-450B-BF0E-E0AF9264C934}.Debug|Any CPU.ActiveCfg = Debug|Any CPU
		{AAB058F5-5A84-450B-BF0E-E0AF9264C934}.Debug|Any CPU.Build.0 = Debug|Any CPU
		{AAB058F5-5A84-450B-BF0E-E0AF9264C934}.Release|Any CPU.ActiveCfg = Release|Any CPU
		{AAB058F5-5A84-450B-BF0E-E0AF9264C934}.Release|Any CPU.Build.0 = Release|Any CPU
		{94B3306B-78A7-43A0-B96A-921CB6FEE089}.Debug|Any CPU.ActiveCfg = Debug|Any CPU
		{94B3306B-78A7-43A0-B96A-921CB6FEE089}.Debug|Any CPU.Build.0 = Debug|Any CPU
		{94B3306B-78A7-43A0-B96A-921CB6FEE089}.Release|Any CPU.ActiveCfg = Release|Any CPU
		{94B3306B-78A7-43A0-B96A-921CB6FEE089}.Release|Any CPU.Build.0 = Release|Any CPU
		{FD0BD347-B4CC-49D2-A709-6C50E6DC91DF}.Debug|Any CPU.ActiveCfg = Debug|Any CPU
		{FD0BD347-B4CC-49D2-A709-6C50E6DC91DF}.Debug|Any CPU.Build.0 = Debug|Any CPU
		{FD0BD347-B4CC-49D2-A709-6C50E6DC91DF}.Release|Any CPU.ActiveCfg = Release|Any CPU
		{FD0BD347-B4CC-49D2-A709-6C50E6DC91DF}.Release|Any CPU.Build.0 = Release|Any CPU
	EndGlobalSection
	GlobalSection(SolutionProperties) = preSolution
		HideSolutionNode = FALSE
	EndGlobalSection
	GlobalSection(ExtensibilityGlobals) = postSolution
		SolutionGuid = {1B80957D-5482-40FF-ADC2-645A1000A77A}
	EndGlobalSection
EndGlobal
